
Microsoft Visual Studio Solution File, Format Version 12.00
# Visual Studio Version 17
VisualStudioVersion = 17.9.34723.18
MinimumVisualStudioVersion = 10.0.40219.1
Project("{FAE04EC0-301F-11D3-BF4B-00C04F79EFBC}") = "HostMyWebApi", "HostMyWebApi\HostMyWebApi.csproj", "{A3653FE5-647D-44FC-A7AF-6B1A38C61AC6}"
EndProject
Global
	GlobalSection(SolutionConfigurationPlatforms) = preSolution
		Debug|Any CPU = Debug|Any CPU
		Release|Any CPU = Release|Any CPU
	EndGlobalSection
	GlobalSection(ProjectConfigurationPlatforms) = postSolution
		{A3653FE5-647D-44FC-A7AF-6B1A38C61AC6}.Debug|Any CPU.ActiveCfg = Debug|Any CPU
		{A3653FE5-647D-44FC-A7AF-6B1A38C61AC6}.Debug|Any CPU.Build.0 = Debug|Any CPU
		{A3653FE5-647D-44FC-A7AF-6B1A38C61AC6}.Release|Any CPU.ActiveCfg = Release|Any CPU
		{A3653FE5-647D-44FC-A7AF-6B1A38C61AC6}.Release|Any CPU.Build.0 = Release|Any CPU
	EndGlobalSection
	GlobalSection(SolutionProperties) = preSolution
		HideSolutionNode = FALSE
	EndGlobalSection
	GlobalSection(ExtensibilityGlobals) = postSolution
		SolutionGuid = {0C131277-5C3F-44A9-968B-07F1E0C01DCC}
	EndGlobalSection
EndGlobal
